
Microsoft Visual Studio Solution File, Format Version 12.00
# Visual Studio Version 17
VisualStudioVersion = 17.4.33110.190
MinimumVisualStudioVersion = 10.0.40219.1
Project("{9A19103F-16F7-4668-BE54-9A1E7A4F7556}") = "Kata02", "Kator_EGNA-LOSNINGAR\Kata02.csproj", "{81C11BA0-D0B3-4233-AE57-7D030E8E0900}"
EndProject
Project("{FAE04EC0-301F-11D3-BF4B-00C04F79EFBC}") = "Kata03_Inheritance", "Kata03\Kata03_Inheritance.csproj", "{E2AFF836-5B4E-405E-B263-C6C0A34665D5}"
EndProject
Project("{FAE04EC0-301F-11D3-BF4B-00C04F79EFBC}") = "Kata05_Delegates_Lamda", "Kata05_Delegates_Lamda\Kata05_Delegates_Lamda.csproj", "{73188270-1975-4F81-98E7-DBF324A1B879}"
EndProject
Project("{FAE04EC0-301F-11D3-BF4B-00C04F79EFBC}") = "Kata04_Immutability", "Kata04_Immutability\Kata04_Immutability.csproj", "{D14060F5-9277-4E17-A0FD-C70C807BAA4B}"
EndProject
Global
	GlobalSection(SolutionConfigurationPlatforms) = preSolution
		Debug|Any CPU = Debug|Any CPU
		Release|Any CPU = Release|Any CPU
	EndGlobalSection
	GlobalSection(ProjectConfigurationPlatforms) = postSolution
		{81C11BA0-D0B3-4233-AE57-7D030E8E0900}.Debug|Any CPU.ActiveCfg = Debug|Any CPU
		{81C11BA0-D0B3-4233-AE57-7D030E8E0900}.Debug|Any CPU.Build.0 = Debug|Any CPU
		{81C11BA0-D0B3-4233-AE57-7D030E8E0900}.Release|Any CPU.ActiveCfg = Release|Any CPU
		{81C11BA0-D0B3-4233-AE57-7D030E8E0900}.Release|Any CPU.Build.0 = Release|Any CPU
		{E2AFF836-5B4E-405E-B263-C6C0A34665D5}.Debug|Any CPU.ActiveCfg = Debug|Any CPU
		{E2AFF836-5B4E-405E-B263-C6C0A34665D5}.Debug|Any CPU.Build.0 = Debug|Any CPU
		{E2AFF836-5B4E-405E-B263-C6C0A34665D5}.Release|Any CPU.ActiveCfg = Release|Any CPU
		{E2AFF836-5B4E-405E-B263-C6C0A34665D5}.Release|Any CPU.Build.0 = Release|Any CPU
		{73188270-1975-4F81-98E7-DBF324A1B879}.Debug|Any CPU.ActiveCfg = Debug|Any CPU
		{73188270-1975-4F81-98E7-DBF324A1B879}.Debug|Any CPU.Build.0 = Debug|Any CPU
		{73188270-1975-4F81-98E7-DBF324A1B879}.Release|Any CPU.ActiveCfg = Release|Any CPU
		{73188270-1975-4F81-98E7-DBF324A1B879}.Release|Any CPU.Build.0 = Release|Any CPU
		{D14060F5-9277-4E17-A0FD-C70C807BAA4B}.Debug|Any CPU.ActiveCfg = Debug|Any CPU
		{D14060F5-9277-4E17-A0FD-C70C807BAA4B}.Debug|Any CPU.Build.0 = Debug|Any CPU
		{D14060F5-9277-4E17-A0FD-C70C807BAA4B}.Release|Any CPU.ActiveCfg = Release|Any CPU
		{D14060F5-9277-4E17-A0FD-C70C807BAA4B}.Release|Any CPU.Build.0 = Release|Any CPU
	EndGlobalSection
	GlobalSection(SolutionProperties) = preSolution
		HideSolutionNode = FALSE
	EndGlobalSection
	GlobalSection(ExtensibilityGlobals) = postSolution
		SolutionGuid = {8881347A-D4BF-4949-8C06-2A7C59174FAB}
	EndGlobalSection
EndGlobal
